
Microsoft Visual Studio Solution File, Format Version 12.00
# Visual Studio 15
VisualStudioVersion = 15.0.28307.136
MinimumVisualStudioVersion = 10.0.40219.1
Project("{2150E333-8FDC-42A3-9474-1A3956D46DE8}") = "1.QuanLyDeTai", "1.QuanLyDeTai", "{093E47B6-560A-4E14-8301-98861A6E1A60}"
EndProject
Project("{FAE04EC0-301F-11D3-BF4B-00C04F79EFBC}") = "QuanLyDeTai", "QuanLyDeTai\QuanLyDeTai.csproj", "{D62A787E-CB66-45DC-9D0B-03F3B8D4390A}"
EndProject
Project("{2150E333-8FDC-42A3-9474-1A3956D46DE8}") = "2.Services", "2.Services", "{2C9FB10E-C231-4C06-8926-B47328CBFB19}"
EndProject
Project("{2150E333-8FDC-42A3-9474-1A3956D46DE8}") = "3.Data", "3.Data", "{BC461207-F90C-4072-9097-B00FF0F7C865}"
	ProjectSection(SolutionItems) = preProject
		QuanLyDeTai.Service\TopicStudentService.cs = QuanLyDeTai.Service\TopicStudentService.cs
	EndProjectSection
EndProject
Project("{2150E333-8FDC-42A3-9474-1A3956D46DE8}") = "4.Cross", "4.Cross", "{1EF6AF20-8988-41BB-8AE6-2FFE8C7AC6ED}"
EndProject
Project("{FAE04EC0-301F-11D3-BF4B-00C04F79EFBC}") = "QuanLyDeTai.Core", "QuanLyDeTai.Core\QuanLyDeTai.Core.csproj", "{9A31D4CE-D484-414C-99D3-49BB7C788037}"
EndProject
Project("{FAE04EC0-301F-11D3-BF4B-00C04F79EFBC}") = "QuanLyDeTai.Data", "QuanLyDeTai.Data\QuanLyDeTai.Data.csproj", "{78035690-2CB3-4AF1-9BFF-573F45BBD75A}"
EndProject
Project("{FAE04EC0-301F-11D3-BF4B-00C04F79EFBC}") = "QuanLyDeTai.Service", "QuanLyDeTai.Service\QuanLyDeTai.Service.csproj", "{A1A0ED34-7A26-4AD0-B4FA-6361EF04CCD9}"
EndProject
Global
	GlobalSection(SolutionConfigurationPlatforms) = preSolution
		Debug|Any CPU = Debug|Any CPU
		Release|Any CPU = Release|Any CPU
	EndGlobalSection
	GlobalSection(ProjectConfigurationPlatforms) = postSolution
		{D62A787E-CB66-45DC-9D0B-03F3B8D4390A}.Debug|Any CPU.ActiveCfg = Debug|Any CPU
		{D62A787E-CB66-45DC-9D0B-03F3B8D4390A}.Debug|Any CPU.Build.0 = Debug|Any CPU
		{D62A787E-CB66-45DC-9D0B-03F3B8D4390A}.Release|Any CPU.ActiveCfg = Release|Any CPU
		{D62A787E-CB66-45DC-9D0B-03F3B8D4390A}.Release|Any CPU.Build.0 = Release|Any CPU
		{9A31D4CE-D484-414C-99D3-49BB7C788037}.Debug|Any CPU.ActiveCfg = Debug|Any CPU
		{9A31D4CE-D484-414C-99D3-49BB7C788037}.Debug|Any CPU.Build.0 = Debug|Any CPU
		{9A31D4CE-D484-414C-99D3-49BB7C788037}.Release|Any CPU.ActiveCfg = Release|Any CPU
		{9A31D4CE-D484-414C-99D3-49BB7C788037}.Release|Any CPU.Build.0 = Release|Any CPU
		{78035690-2CB3-4AF1-9BFF-573F45BBD75A}.Debug|Any CPU.ActiveCfg = Debug|Any CPU
		{78035690-2CB3-4AF1-9BFF-573F45BBD75A}.Debug|Any CPU.Build.0 = Debug|Any CPU
		{78035690-2CB3-4AF1-9BFF-573F45BBD75A}.Release|Any CPU.ActiveCfg = Release|Any CPU
		{78035690-2CB3-4AF1-9BFF-573F45BBD75A}.Release|Any CPU.Build.0 = Release|Any CPU
		{A1A0ED34-7A26-4AD0-B4FA-6361EF04CCD9}.Debug|Any CPU.ActiveCfg = Debug|Any CPU
		{A1A0ED34-7A26-4AD0-B4FA-6361EF04CCD9}.Debug|Any CPU.Build.0 = Debug|Any CPU
		{A1A0ED34-7A26-4AD0-B4FA-6361EF04CCD9}.Release|Any CPU.ActiveCfg = Release|Any CPU
		{A1A0ED34-7A26-4AD0-B4FA-6361EF04CCD9}.Release|Any CPU.Build.0 = Release|Any CPU
	EndGlobalSection
	GlobalSection(SolutionProperties) = preSolution
		HideSolutionNode = FALSE
	EndGlobalSection
	GlobalSection(NestedProjects) = preSolution
		{D62A787E-CB66-45DC-9D0B-03F3B8D4390A} = {093E47B6-560A-4E14-8301-98861A6E1A60}
		{9A31D4CE-D484-414C-99D3-49BB7C788037} = {1EF6AF20-8988-41BB-8AE6-2FFE8C7AC6ED}
		{78035690-2CB3-4AF1-9BFF-573F45BBD75A} = {BC461207-F90C-4072-9097-B00FF0F7C865}
		{A1A0ED34-7A26-4AD0-B4FA-6361EF04CCD9} = {2C9FB10E-C231-4C06-8926-B47328CBFB19}
	EndGlobalSection
	GlobalSection(ExtensibilityGlobals) = postSolution
		SolutionGuid = {C39816B9-7AB8-406C-8ACB-74DE733D1F99}
	EndGlobalSection
EndGlobal
